
Microsoft Visual Studio Solution File, Format Version 12.00
# Visual Studio Version 17
VisualStudioVersion = 17.2.32630.192
MinimumVisualStudioVersion = 10.0.40219.1
Project("{FAE04EC0-301F-11D3-BF4B-00C04F79EFBC}") = "Lab3", "Lab3\Lab3.csproj", "{88179239-424B-4285-9BD5-A09BEC18F392}"
EndProject
Global
	GlobalSection(SolutionConfigurationPlatforms) = preSolution
		Debug|Any CPU = Debug|Any CPU
		Release|Any CPU = Release|Any CPU
	EndGlobalSection
	GlobalSection(ProjectConfigurationPlatforms) = postSolution
		{88179239-424B-4285-9BD5-A09BEC18F392}.Debug|Any CPU.ActiveCfg = Debug|Any CPU
		{88179239-424B-4285-9BD5-A09BEC18F392}.Debug|Any CPU.Build.0 = Debug|Any CPU
		{88179239-424B-4285-9BD5-A09BEC18F392}.Release|Any CPU.ActiveCfg = Release|Any CPU
		{88179239-424B-4285-9BD5-A09BEC18F392}.Release|Any CPU.Build.0 = Release|Any CPU
	EndGlobalSection
	GlobalSection(SolutionProperties) = preSolution
		HideSolutionNode = FALSE
	EndGlobalSection
	GlobalSection(ExtensibilityGlobals) = postSolution
		SolutionGuid = {857A3F26-D4E5-4233-8287-3AB300AC521B}
	EndGlobalSection
EndGlobal
